
Microsoft Visual Studio Solution File, Format Version 12.00
# Visual Studio Version 17
VisualStudioVersion = 17.10.34928.147
MinimumVisualStudioVersion = 10.0.40219.1
Project("{FAE04EC0-301F-11D3-BF4B-00C04F79EFBC}") = "FieldManagementSystem", "FieldManagementSystem.csproj", "{FB45610A-D6DB-4BFC-82A3-04EAC3853F79}"
EndProject
Project("{FAE04EC0-301F-11D3-BF4B-00C04F79EFBC}") = "FieldManagementSystem.Tests", "..\FieldManagementSystem.Tests\FieldManagementSystem.Tests.csproj", "{C114E081-0981-4EC8-95AC-FC81D6C63F1E}"
EndProject
Global
	GlobalSection(SolutionConfigurationPlatforms) = preSolution
		Debug|Any CPU = Debug|Any CPU
		Release|Any CPU = Release|Any CPU
	EndGlobalSection
	GlobalSection(ProjectConfigurationPlatforms) = postSolution
		{FB45610A-D6DB-4BFC-82A3-04EAC3853F79}.Debug|Any CPU.ActiveCfg = Debug|Any CPU
		{FB45610A-D6DB-4BFC-82A3-04EAC3853F79}.Debug|Any CPU.Build.0 = Debug|Any CPU
		{FB45610A-D6DB-4BFC-82A3-04EAC3853F79}.Release|Any CPU.ActiveCfg = Release|Any CPU
		{FB45610A-D6DB-4BFC-82A3-04EAC3853F79}.Release|Any CPU.Build.0 = Release|Any CPU
		{C114E081-0981-4EC8-95AC-FC81D6C63F1E}.Debug|Any CPU.ActiveCfg = Debug|Any CPU
		{C114E081-0981-4EC8-95AC-FC81D6C63F1E}.Debug|Any CPU.Build.0 = Debug|Any CPU
		{C114E081-0981-4EC8-95AC-FC81D6C63F1E}.Release|Any CPU.ActiveCfg = Release|Any CPU
		{C114E081-0981-4EC8-95AC-FC81D6C63F1E}.Release|Any CPU.Build.0 = Release|Any CPU
	EndGlobalSection
	GlobalSection(SolutionProperties) = preSolution
		HideSolutionNode = FALSE
	EndGlobalSection
	GlobalSection(ExtensibilityGlobals) = postSolution
		SolutionGuid = {EC43F70C-AB83-4BDB-91CF-8A5E9F0F9FDB}
	EndGlobalSection
EndGlobal
