
Microsoft Visual Studio Solution File, Format Version 12.00
# Visual Studio Version 17
VisualStudioVersion = 17.10.34928.147
MinimumVisualStudioVersion = 10.0.40219.1
Project("{9A19103F-16F7-4668-BE54-9A1E7A4F7556}") = "FieldManagementSystem", "src\FieldManagementSystem\FieldManagementSystem.csproj", "{F7A0B639-5836-42FC-9B4B-1301886BA6BA}"
EndProject
Project("{9A19103F-16F7-4668-BE54-9A1E7A4F7556}") = "FieldManagementSystem.Tests", "tests\FieldManagementSystem.Tests\FieldManagementSystem.Tests.csproj", "{EFE9965F-FE1B-468D-8DCB-B7F07865363E}"
EndProject
Global
	GlobalSection(SolutionConfigurationPlatforms) = preSolution
		Debug|Any CPU = Debug|Any CPU
		Release|Any CPU = Release|Any CPU
	EndGlobalSection
	GlobalSection(ProjectConfigurationPlatforms) = postSolution
		{F7A0B639-5836-42FC-9B4B-1301886BA6BA}.Debug|Any CPU.ActiveCfg = Debug|Any CPU
		{F7A0B639-5836-42FC-9B4B-1301886BA6BA}.Debug|Any CPU.Build.0 = Debug|Any CPU
		{F7A0B639-5836-42FC-9B4B-1301886BA6BA}.Release|Any CPU.ActiveCfg = Release|Any CPU
		{F7A0B639-5836-42FC-9B4B-1301886BA6BA}.Release|Any CPU.Build.0 = Release|Any CPU
		{EFE9965F-FE1B-468D-8DCB-B7F07865363E}.Debug|Any CPU.ActiveCfg = Debug|Any CPU
		{EFE9965F-FE1B-468D-8DCB-B7F07865363E}.Debug|Any CPU.Build.0 = Debug|Any CPU
		{EFE9965F-FE1B-468D-8DCB-B7F07865363E}.Release|Any CPU.ActiveCfg = Release|Any CPU
		{EFE9965F-FE1B-468D-8DCB-B7F07865363E}.Release|Any CPU.Build.0 = Release|Any CPU
	EndGlobalSection
	GlobalSection(SolutionProperties) = preSolution
		HideSolutionNode = FALSE
	EndGlobalSection
	GlobalSection(ExtensibilityGlobals) = postSolution
		SolutionGuid = {EC43F70C-AB83-4BDB-91CF-8A5E9F0F9FDB}
	EndGlobalSection
EndGlobal
